
Microsoft Visual Studio Solution File, Format Version 12.00
# Visual Studio Version 17
VisualStudioVersion = 17.12.35527.113
MinimumVisualStudioVersion = 10.0.40219.1
Project("{2150E333-8FDC-42A3-9474-1A3956D46DE8}") = "ConsoleApp", "ConsoleApp", "{30167838-7171-41DE-873A-07FABD088A5A}"
EndProject
Project("{2150E333-8FDC-42A3-9474-1A3956D46DE8}") = "WebApi", "WebApi", "{73A3BC5A-2EDE-4689-A384-2926410C8599}"
EndProject
Project("{2150E333-8FDC-42A3-9474-1A3956D46DE8}") = "Common", "Common", "{95711212-6D86-4D84-8A4A-8E26B2F666C1}"
EndProject
Project("{2150E333-8FDC-42A3-9474-1A3956D46DE8}") = "WinformApp", "WinformApp", "{A9F51F45-D97C-4AE4-A109-815AAA7ECF6F}"
EndProject
Project("{2150E333-8FDC-42A3-9474-1A3956D46DE8}") = "Base", "Base", "{A83DBA59-23E9-4E4D-B2C9-8F38F6B646B9}"
EndProject
Project("{FAE04EC0-301F-11D3-BF4B-00C04F79EFBC}") = "OmniSciLab.String", "OmniSciLab.String\OmniSciLab.String.csproj", "{4C878F41-2A14-48DA-9D08-E8E4C08BE1AF}"
EndProject
Project("{FAE04EC0-301F-11D3-BF4B-00C04F79EFBC}") = "OmniSciLab.Console", "OmniSciLab.Console\OmniSciLab.Console.csproj", "{D2DCD243-2A35-4FB9-AE16-C0817CFF4EC2}"
EndProject
Project("{FAE04EC0-301F-11D3-BF4B-00C04F79EFBC}") = "OmniSciLab.License", "OmniSciLab.License\OmniSciLab.License.csproj", "{F7950A8A-5B76-4B3B-B97A-39555B621CFC}"
EndProject
Project("{FAE04EC0-301F-11D3-BF4B-00C04F79EFBC}") = "OmniSciLab.WinForm", "OmniSciLab.Winform\OmniSciLab.WinForm.csproj", "{E4138E3D-7B33-428A-9FD1-2F10E94D7103}"
EndProject
Project("{FAE04EC0-301F-11D3-BF4B-00C04F79EFBC}") = "OmniSciLab.Sql", "OmniSciLab.Sql\OmniSciLab.Sql.csproj", "{33885D40-7311-44D0-BF02-637EAD56BF15}"
EndProject
Project("{FAE04EC0-301F-11D3-BF4B-00C04F79EFBC}") = "OmniSciLab.Hashify", "OmniSciLab.Hashify\OmniSciLab.Hashify.csproj", "{36DE2317-0DE3-D382-E560-0C8FBF2EF662}"
EndProject
Project("{FAE04EC0-301F-11D3-BF4B-00C04F79EFBC}") = "OmniSciLab.NoSQL", "OmniSciLab.NoSQL\OmniSciLab.NoSQL.csproj", "{2F27EA3D-C4FB-F473-DA2F-9360214C5571}"
EndProject
Project("{FAE04EC0-301F-11D3-BF4B-00C04F79EFBC}") = "OmniSciLab.WebApi", "OmniSciLab.WebApi\OmniSciLab.WebApi.csproj", "{B9A996BD-BBFE-8F37-B49B-88A5E4BDF1E4}"
EndProject
Global
	GlobalSection(SolutionConfigurationPlatforms) = preSolution
		Debug|Any CPU = Debug|Any CPU
		Release|Any CPU = Release|Any CPU
	EndGlobalSection
	GlobalSection(ProjectConfigurationPlatforms) = postSolution
		{4C878F41-2A14-48DA-9D08-E8E4C08BE1AF}.Debug|Any CPU.ActiveCfg = Debug|Any CPU
		{4C878F41-2A14-48DA-9D08-E8E4C08BE1AF}.Debug|Any CPU.Build.0 = Debug|Any CPU
		{4C878F41-2A14-48DA-9D08-E8E4C08BE1AF}.Release|Any CPU.ActiveCfg = Release|Any CPU
		{4C878F41-2A14-48DA-9D08-E8E4C08BE1AF}.Release|Any CPU.Build.0 = Release|Any CPU
		{D2DCD243-2A35-4FB9-AE16-C0817CFF4EC2}.Debug|Any CPU.ActiveCfg = Debug|Any CPU
		{D2DCD243-2A35-4FB9-AE16-C0817CFF4EC2}.Debug|Any CPU.Build.0 = Debug|Any CPU
		{D2DCD243-2A35-4FB9-AE16-C0817CFF4EC2}.Release|Any CPU.ActiveCfg = Release|Any CPU
		{D2DCD243-2A35-4FB9-AE16-C0817CFF4EC2}.Release|Any CPU.Build.0 = Release|Any CPU
		{F7950A8A-5B76-4B3B-B97A-39555B621CFC}.Debug|Any CPU.ActiveCfg = Debug|Any CPU
		{F7950A8A-5B76-4B3B-B97A-39555B621CFC}.Debug|Any CPU.Build.0 = Debug|Any CPU
		{F7950A8A-5B76-4B3B-B97A-39555B621CFC}.Release|Any CPU.ActiveCfg = Release|Any CPU
		{F7950A8A-5B76-4B3B-B97A-39555B621CFC}.Release|Any CPU.Build.0 = Release|Any CPU
		{E4138E3D-7B33-428A-9FD1-2F10E94D7103}.Debug|Any CPU.ActiveCfg = Debug|Any CPU
		{E4138E3D-7B33-428A-9FD1-2F10E94D7103}.Debug|Any CPU.Build.0 = Debug|Any CPU
		{E4138E3D-7B33-428A-9FD1-2F10E94D7103}.Release|Any CPU.ActiveCfg = Release|Any CPU
		{E4138E3D-7B33-428A-9FD1-2F10E94D7103}.Release|Any CPU.Build.0 = Release|Any CPU
		{33885D40-7311-44D0-BF02-637EAD56BF15}.Debug|Any CPU.ActiveCfg = Debug|Any CPU
		{33885D40-7311-44D0-BF02-637EAD56BF15}.Debug|Any CPU.Build.0 = Debug|Any CPU
		{33885D40-7311-44D0-BF02-637EAD56BF15}.Release|Any CPU.ActiveCfg = Release|Any CPU
		{33885D40-7311-44D0-BF02-637EAD56BF15}.Release|Any CPU.Build.0 = Release|Any CPU
		{36DE2317-0DE3-D382-E560-0C8FBF2EF662}.Debug|Any CPU.ActiveCfg = Debug|Any CPU
		{36DE2317-0DE3-D382-E560-0C8FBF2EF662}.Debug|Any CPU.Build.0 = Debug|Any CPU
		{36DE2317-0DE3-D382-E560-0C8FBF2EF662}.Release|Any CPU.ActiveCfg = Release|Any CPU
		{36DE2317-0DE3-D382-E560-0C8FBF2EF662}.Release|Any CPU.Build.0 = Release|Any CPU
		{2F27EA3D-C4FB-F473-DA2F-9360214C5571}.Debug|Any CPU.ActiveCfg = Debug|Any CPU
		{2F27EA3D-C4FB-F473-DA2F-9360214C5571}.Debug|Any CPU.Build.0 = Debug|Any CPU
		{2F27EA3D-C4FB-F473-DA2F-9360214C5571}.Release|Any CPU.ActiveCfg = Release|Any CPU
		{2F27EA3D-C4FB-F473-DA2F-9360214C5571}.Release|Any CPU.Build.0 = Release|Any CPU
		{B9A996BD-BBFE-8F37-B49B-88A5E4BDF1E4}.Debug|Any CPU.ActiveCfg = Debug|Any CPU
		{B9A996BD-BBFE-8F37-B49B-88A5E4BDF1E4}.Debug|Any CPU.Build.0 = Debug|Any CPU
		{B9A996BD-BBFE-8F37-B49B-88A5E4BDF1E4}.Release|Any CPU.ActiveCfg = Release|Any CPU
		{B9A996BD-BBFE-8F37-B49B-88A5E4BDF1E4}.Release|Any CPU.Build.0 = Release|Any CPU
	EndGlobalSection
	GlobalSection(SolutionProperties) = preSolution
		HideSolutionNode = FALSE
	EndGlobalSection
	GlobalSection(NestedProjects) = preSolution
		{4C878F41-2A14-48DA-9D08-E8E4C08BE1AF} = {A83DBA59-23E9-4E4D-B2C9-8F38F6B646B9}
		{D2DCD243-2A35-4FB9-AE16-C0817CFF4EC2} = {30167838-7171-41DE-873A-07FABD088A5A}
		{F7950A8A-5B76-4B3B-B97A-39555B621CFC} = {A9F51F45-D97C-4AE4-A109-815AAA7ECF6F}
		{E4138E3D-7B33-428A-9FD1-2F10E94D7103} = {A9F51F45-D97C-4AE4-A109-815AAA7ECF6F}
		{33885D40-7311-44D0-BF02-637EAD56BF15} = {95711212-6D86-4D84-8A4A-8E26B2F666C1}
		{36DE2317-0DE3-D382-E560-0C8FBF2EF662} = {95711212-6D86-4D84-8A4A-8E26B2F666C1}
		{2F27EA3D-C4FB-F473-DA2F-9360214C5571} = {95711212-6D86-4D84-8A4A-8E26B2F666C1}
		{B9A996BD-BBFE-8F37-B49B-88A5E4BDF1E4} = {73A3BC5A-2EDE-4689-A384-2926410C8599}
	EndGlobalSection
	GlobalSection(ExtensibilityGlobals) = postSolution
		SolutionGuid = {A72EB255-9A6A-47F0-BDEB-B7CAE8C683D3}
	EndGlobalSection
EndGlobal
