
Microsoft Visual Studio Solution File, Format Version 12.00
# Visual Studio Version 17
VisualStudioVersion = 17.12.35527.113
MinimumVisualStudioVersion = 10.0.40219.1
Project("{FAE04EC0-301F-11D3-BF4B-00C04F79EFBC}") = "OmniSciLab.License", "khothemegiatot.License\OmniSciLab.License.csproj", "{D419C892-00BB-44AD-805E-C988F71C3A8F}"
EndProject
Project("{FAE04EC0-301F-11D3-BF4B-00C04F79EFBC}") = "OmniSciLab.WinForm", "khothemegiatot.Winform\OmniSciLab.WinForm.csproj", "{6D6985B1-DB27-443D-95F3-B8125F15A17F}"
EndProject
Global
	GlobalSection(SolutionConfigurationPlatforms) = preSolution
		Debug|Any CPU = Debug|Any CPU
		Release|Any CPU = Release|Any CPU
	EndGlobalSection
	GlobalSection(ProjectConfigurationPlatforms) = postSolution
		{D419C892-00BB-44AD-805E-C988F71C3A8F}.Debug|Any CPU.ActiveCfg = Debug|Any CPU
		{D419C892-00BB-44AD-805E-C988F71C3A8F}.Debug|Any CPU.Build.0 = Debug|Any CPU
		{D419C892-00BB-44AD-805E-C988F71C3A8F}.Release|Any CPU.ActiveCfg = Release|Any CPU
		{D419C892-00BB-44AD-805E-C988F71C3A8F}.Release|Any CPU.Build.0 = Release|Any CPU
		{6D6985B1-DB27-443D-95F3-B8125F15A17F}.Debug|Any CPU.ActiveCfg = Debug|Any CPU
		{6D6985B1-DB27-443D-95F3-B8125F15A17F}.Debug|Any CPU.Build.0 = Debug|Any CPU
		{6D6985B1-DB27-443D-95F3-B8125F15A17F}.Release|Any CPU.ActiveCfg = Release|Any CPU
		{6D6985B1-DB27-443D-95F3-B8125F15A17F}.Release|Any CPU.Build.0 = Release|Any CPU
	EndGlobalSection
	GlobalSection(SolutionProperties) = preSolution
		HideSolutionNode = FALSE
	EndGlobalSection
EndGlobal
